# THIS IS AN AUTOGENERATED FILE. DO NOT EDIT THIS FILE DIRECTLY.
# yarn lockfile v1


"@adyen/adyen-web@^6.20.0":
  version "6.20.0"
  resolved "https://registry.yarnpkg.com/@adyen/adyen-web/-/adyen-web-6.20.0.tgz#07a5cd7f569ce38741ea29aa80acc33e72b55631"
  integrity sha512-aEsK4yUCMQC4XBSETty0OmqmTBN7WoMHHraRC5XfUaVYvM7BSTp9YZbYiPixUSc7qw1KK/JWPQQI+o9F4xfBBg==
  dependencies:
    "@types/applepayjs" "14.0.9"
    "@types/googlepay" "0.7.6"
    classnames "2.5.1"
    preact "10.22.1"

"@types/applepayjs@14.0.9":
  version "14.0.9"
  resolved "https://registry.yarnpkg.com/@types/applepayjs/-/applepayjs-14.0.9.tgz#66b760691f146a17009c4be808d0a341b776f429"
  integrity sha512-xEprYbb0TEP/XIiDPbVnTYpDai8fTFpsQfVSfTd81Is2GOMUy7ie019eyX6Mz2ECxfjoUVKaiGSL577roIeHCg==

"@types/googlepay@0.7.6":
  version "0.7.6"
  resolved "https://registry.yarnpkg.com/@types/googlepay/-/googlepay-0.7.6.tgz#ba444ad8b2945e70f873673b8f5371745b8cfe37"
  integrity sha512-5003wG+qvf4Ktf1hC9IJuRakNzQov00+Xf09pAWGJLpdOjUrq0SSLCpXX7pwSeTG9r5hrdzq1iFyZcW7WVyr4g==

classnames@2.5.1:
  version "2.5.1"
  resolved "https://registry.yarnpkg.com/classnames/-/classnames-2.5.1.tgz#ba774c614be0f016da105c858e7159eae8e7687b"
  integrity sha512-saHYOzhIQs6wy2sVxTM6bUDsQO4F50V9RQ22qBpEdCW+I+/Wmke2HOl6lS6dTpdxVhb88/I6+Hs+438c3lfUow==

preact@10.22.1:
  version "10.22.1"
  resolved "https://registry.yarnpkg.com/preact/-/preact-10.22.1.tgz#6a3589973fe0c6e53211091607d31f4b7b27334d"
  integrity sha512-jRYbDDgMpIb5LHq3hkI0bbl+l/TQ9UnkdQ0ww+lp+4MMOdqaUYdFc5qeyP+IV8FAd/2Em7drVPeKdQxsiWCf/A==
